
Microsoft Visual Studio Solution File, Format Version 12.00
# Visual Studio Version 17
VisualStudioVersion = 17.0.31903.59
MinimumVisualStudioVersion = 10.0.40219.1
Project("{FAE04EC0-301F-11D3-BF4B-00C04F79EFBC}") = "Parking.API", "Parking.API\Parking.API.csproj", "{74D79CB6-F698-4032-8DD6-F05BF2339DAF}"
EndProject
Project("{FAE04EC0-301F-11D3-BF4B-00C04F79EFBC}") = "Parking.Services", "Parking.Services\Parking.Services.csproj", "{A88C7204-C13B-431B-B51A-20171BF09929}"
EndProject
Project("{FAE04EC0-301F-11D3-BF4B-00C04F79EFBC}") = "Parking.Core", "Parking.Core\Parking.Core.csproj", "{2FE5BC3F-A14F-4F93-AC6D-09802576D398}"
EndProject
Project("{FAE04EC0-301F-11D3-BF4B-00C04F79EFBC}") = "Parking.Infrastructure", "Parking.Infrastructure\Parking.Infrastructure.csproj", "{F24C321B-D44A-4436-A619-C8D876B0AA21}"
EndProject
Global
	GlobalSection(SolutionConfigurationPlatforms) = preSolution
		Debug|Any CPU = Debug|Any CPU
		Debug|x64 = Debug|x64
		Debug|x86 = Debug|x86
		Release|Any CPU = Release|Any CPU
		Release|x64 = Release|x64
		Release|x86 = Release|x86
	EndGlobalSection
	GlobalSection(ProjectConfigurationPlatforms) = postSolution
		{74D79CB6-F698-4032-8DD6-F05BF2339DAF}.Debug|Any CPU.ActiveCfg = Debug|Any CPU
		{74D79CB6-F698-4032-8DD6-F05BF2339DAF}.Debug|Any CPU.Build.0 = Debug|Any CPU
		{74D79CB6-F698-4032-8DD6-F05BF2339DAF}.Debug|x64.ActiveCfg = Debug|Any CPU
		{74D79CB6-F698-4032-8DD6-F05BF2339DAF}.Debug|x64.Build.0 = Debug|Any CPU
		{74D79CB6-F698-4032-8DD6-F05BF2339DAF}.Debug|x86.ActiveCfg = Debug|Any CPU
		{74D79CB6-F698-4032-8DD6-F05BF2339DAF}.Debug|x86.Build.0 = Debug|Any CPU
		{74D79CB6-F698-4032-8DD6-F05BF2339DAF}.Release|Any CPU.ActiveCfg = Release|Any CPU
		{74D79CB6-F698-4032-8DD6-F05BF2339DAF}.Release|Any CPU.Build.0 = Release|Any CPU
		{74D79CB6-F698-4032-8DD6-F05BF2339DAF}.Release|x64.ActiveCfg = Release|Any CPU
		{74D79CB6-F698-4032-8DD6-F05BF2339DAF}.Release|x64.Build.0 = Release|Any CPU
		{74D79CB6-F698-4032-8DD6-F05BF2339DAF}.Release|x86.ActiveCfg = Release|Any CPU
		{74D79CB6-F698-4032-8DD6-F05BF2339DAF}.Release|x86.Build.0 = Release|Any CPU
		{A88C7204-C13B-431B-B51A-20171BF09929}.Debug|Any CPU.ActiveCfg = Debug|Any CPU
		{A88C7204-C13B-431B-B51A-20171BF09929}.Debug|Any CPU.Build.0 = Debug|Any CPU
		{A88C7204-C13B-431B-B51A-20171BF09929}.Debug|x64.ActiveCfg = Debug|Any CPU
		{A88C7204-C13B-431B-B51A-20171BF09929}.Debug|x64.Build.0 = Debug|Any CPU
		{A88C7204-C13B-431B-B51A-20171BF09929}.Debug|x86.ActiveCfg = Debug|Any CPU
		{A88C7204-C13B-431B-B51A-20171BF09929}.Debug|x86.Build.0 = Debug|Any CPU
		{A88C7204-C13B-431B-B51A-20171BF09929}.Release|Any CPU.ActiveCfg = Release|Any CPU
		{A88C7204-C13B-431B-B51A-20171BF09929}.Release|Any CPU.Build.0 = Release|Any CPU
		{A88C7204-C13B-431B-B51A-20171BF09929}.Release|x64.ActiveCfg = Release|Any CPU
		{A88C7204-C13B-431B-B51A-20171BF09929}.Release|x64.Build.0 = Release|Any CPU
		{A88C7204-C13B-431B-B51A-20171BF09929}.Release|x86.ActiveCfg = Release|Any CPU
		{A88C7204-C13B-431B-B51A-20171BF09929}.Release|x86.Build.0 = Release|Any CPU
		{2FE5BC3F-A14F-4F93-AC6D-09802576D398}.Debug|Any CPU.ActiveCfg = Debug|Any CPU
		{2FE5BC3F-A14F-4F93-AC6D-09802576D398}.Debug|Any CPU.Build.0 = Debug|Any CPU
		{2FE5BC3F-A14F-4F93-AC6D-09802576D398}.Debug|x64.ActiveCfg = Debug|Any CPU
		{2FE5BC3F-A14F-4F93-AC6D-09802576D398}.Debug|x64.Build.0 = Debug|Any CPU
		{2FE5BC3F-A14F-4F93-AC6D-09802576D398}.Debug|x86.ActiveCfg = Debug|Any CPU
		{2FE5BC3F-A14F-4F93-AC6D-09802576D398}.Debug|x86.Build.0 = Debug|Any CPU
		{2FE5BC3F-A14F-4F93-AC6D-09802576D398}.Release|Any CPU.ActiveCfg = Release|Any CPU
		{2FE5BC3F-A14F-4F93-AC6D-09802576D398}.Release|Any CPU.Build.0 = Release|Any CPU
		{2FE5BC3F-A14F-4F93-AC6D-09802576D398}.Release|x64.ActiveCfg = Release|Any CPU
		{2FE5BC3F-A14F-4F93-AC6D-09802576D398}.Release|x64.Build.0 = Release|Any CPU
		{2FE5BC3F-A14F-4F93-AC6D-09802576D398}.Release|x86.ActiveCfg = Release|Any CPU
		{2FE5BC3F-A14F-4F93-AC6D-09802576D398}.Release|x86.Build.0 = Release|Any CPU
		{F24C321B-D44A-4436-A619-C8D876B0AA21}.Debug|Any CPU.ActiveCfg = Debug|Any CPU
		{F24C321B-D44A-4436-A619-C8D876B0AA21}.Debug|Any CPU.Build.0 = Debug|Any CPU
		{F24C321B-D44A-4436-A619-C8D876B0AA21}.Debug|x64.ActiveCfg = Debug|Any CPU
		{F24C321B-D44A-4436-A619-C8D876B0AA21}.Debug|x64.Build.0 = Debug|Any CPU
		{F24C321B-D44A-4436-A619-C8D876B0AA21}.Debug|x86.ActiveCfg = Debug|Any CPU
		{F24C321B-D44A-4436-A619-C8D876B0AA21}.Debug|x86.Build.0 = Debug|Any CPU
		{F24C321B-D44A-4436-A619-C8D876B0AA21}.Release|Any CPU.ActiveCfg = Release|Any CPU
		{F24C321B-D44A-4436-A619-C8D876B0AA21}.Release|Any CPU.Build.0 = Release|Any CPU
		{F24C321B-D44A-4436-A619-C8D876B0AA21}.Release|x64.ActiveCfg = Release|Any CPU
		{F24C321B-D44A-4436-A619-C8D876B0AA21}.Release|x64.Build.0 = Release|Any CPU
		{F24C321B-D44A-4436-A619-C8D876B0AA21}.Release|x86.ActiveCfg = Release|Any CPU
		{F24C321B-D44A-4436-A619-C8D876B0AA21}.Release|x86.Build.0 = Release|Any CPU
	EndGlobalSection
	GlobalSection(SolutionProperties) = preSolution
		HideSolutionNode = FALSE
	EndGlobalSection
EndGlobal
